{
    "name": "discord-term-ng",
    "version": "1.4.0",
    "lockfileVersion": 3,
    "requires": true,
    "packages": {
        "": {
            "name": "discord-term-ng",
            "version": "1.4.0",
            "license": "GPL-3.0-only",
            "dependencies": {
                "blessed": "^0.1.81",
                "chalk": "^5.2.0",
                "clipboardy": "^3.0.0",
                "discord.js": "^14.7.1",
                "string-width": "^5.1.2"
            },
            "bin": {
                "dterm": "dist/index.js"
            },
            "devDependencies": {
                "@types/blessed": "^0.1.19",
                "@types/node": "^18.11.18",
                "typescript": "^4.9.4"
            },
            "engines": {
                "node": ">=14.16"
            }
        },
        "node_modules/@discordjs/builders": {
            "version": "1.4.0",
            "resolved": "https://registry.npmjs.org/@discordjs/builders/-/builders-1.4.0.tgz",
            "integrity": "sha512-nEeTCheTTDw5kO93faM1j8ZJPonAX86qpq/QVoznnSa8WWcCgJpjlu6GylfINTDW6o7zZY0my2SYdxx2mfNwGA==",
            "dependencies": {
                "@discordjs/util": "^0.1.0",
                "@sapphire/shapeshift": "^3.7.1",
                "discord-api-types": "^0.37.20",
                "fast-deep-equal": "^3.1.3",
                "ts-mixer": "^6.0.2",
                "tslib": "^2.4.1"
            },
            "engines": {
                "node": ">=16.9.0"
            }
        },
        "node_modules/@discordjs/collection": {
            "version": "1.3.0",
            "resolved": "https://registry.npmjs.org/@discordjs/collection/-/collection-1.3.0.tgz",
            "integrity": "sha512-ylt2NyZ77bJbRij4h9u/wVy7qYw/aDqQLWnadjvDqW/WoWCxrsX6M3CIw9GVP5xcGCDxsrKj5e0r5evuFYwrKg==",
            "engines": {
                "node": ">=16.9.0"
            }
        },
        "node_modules/@discordjs/rest": {
            "version": "1.5.0",
            "resolved": "https://registry.npmjs.org/@discordjs/rest/-/rest-1.5.0.tgz",
            "integrity": "sha512-lXgNFqHnbmzp5u81W0+frdXN6Etf4EUi8FAPcWpSykKd8hmlWh1xy6BmE0bsJypU1pxohaA8lQCgp70NUI3uzA==",
            "dependencies": {
                "@discordjs/collection": "^1.3.0",
                "@discordjs/util": "^0.1.0",
                "@sapphire/async-queue": "^1.5.0",
                "@sapphire/snowflake": "^3.2.2",
                "discord-api-types": "^0.37.23",
                "file-type": "^18.0.0",
                "tslib": "^2.4.1",
                "undici": "^5.13.0"
            },
            "engines": {
                "node": ">=16.9.0"
            }
        },
        "node_modules/@discordjs/util": {
            "version": "0.1.0",
            "resolved": "https://registry.npmjs.org/@discordjs/util/-/util-0.1.0.tgz",
            "integrity": "sha512-e7d+PaTLVQav6rOc2tojh2y6FE8S7REkqLldq1XF4soCx74XB/DIjbVbVLtBemf0nLW77ntz0v+o5DytKwFNLQ==",
            "engines": {
                "node": ">=16.9.0"
            }
        },
        "node_modules/@sapphire/async-queue": {
            "version": "1.5.0",
            "resolved": "https://registry.npmjs.org/@sapphire/async-queue/-/async-queue-1.5.0.tgz",
            "integrity": "sha512-JkLdIsP8fPAdh9ZZjrbHWR/+mZj0wvKS5ICibcLrRI1j84UmLMshx5n9QmL8b95d4onJ2xxiyugTgSAX7AalmA==",
            "engines": {
                "node": ">=v14.0.0",
                "npm": ">=7.0.0"
            }
        },
        "node_modules/@sapphire/shapeshift": {
            "version": "3.8.1",
            "resolved": "https://registry.npmjs.org/@sapphire/shapeshift/-/shapeshift-3.8.1.tgz",
            "integrity": "sha512-xG1oXXBhCjPKbxrRTlox9ddaZTvVpOhYLmKmApD/vIWOV1xEYXnpoFs68zHIZBGbqztq6FrUPNPerIrO1Hqeaw==",
            "dependencies": {
                "fast-deep-equal": "^3.1.3",
                "lodash": "^4.17.21"
            },
            "engines": {
                "node": ">=v14.0.0",
                "npm": ">=7.0.0"
            }
        },
        "node_modules/@sapphire/snowflake": {
            "version": "3.4.0",
            "resolved": "https://registry.npmjs.org/@sapphire/snowflake/-/snowflake-3.4.0.tgz",
            "integrity": "sha512-zZxymtVO6zeXVMPds+6d7gv/OfnCc25M1Z+7ZLB0oPmeMTPeRWVPQSS16oDJy5ZsyCOLj7M6mbZml5gWXcVRNw==",
            "engines": {
                "node": ">=v14.0.0",
                "npm": ">=7.0.0"
            }
        },
        "node_modules/@tokenizer/token": {
            "version": "0.3.0",
            "resolved": "https://registry.npmjs.org/@tokenizer/token/-/token-0.3.0.tgz",
            "integrity": "sha512-OvjF+z51L3ov0OyAU0duzsYuvO01PH7x4t6DJx+guahgTnBHkhJdG7soQeTSFLWN3efnHyibZ4Z8l2EuWwJN3A=="
        },
        "node_modules/@types/blessed": {
            "version": "0.1.19",
            "resolved": "https://registry.npmjs.org/@types/blessed/-/blessed-0.1.19.tgz",
            "integrity": "sha512-r4qnseYWBsi/kxo5AAlCS22EnTXFbGpnvuXUubJikVeRnYB3e5HwV3NtcwJ0Sk5KOGaLvo9Rtwb8hzxfbqbQPg==",
            "dev": true,
            "dependencies": {
                "@types/node": "*"
            }
        },
        "node_modules/@types/node": {
            "version": "18.11.18",
            "resolved": "https://registry.npmjs.org/@types/node/-/node-18.11.18.tgz",
            "integrity": "sha512-DHQpWGjyQKSHj3ebjFI/wRKcqQcdR+MoFBygntYOZytCqNfkd2ZC4ARDJ2DQqhjH5p85Nnd3jhUJIXrszFX/JA=="
        },
        "node_modules/@types/ws": {
            "version": "8.5.4",
            "resolved": "https://registry.npmjs.org/@types/ws/-/ws-8.5.4.tgz",
            "integrity": "sha512-zdQDHKUgcX/zBc4GrwsE/7dVdAD8JR4EuiAXiiUhhfyIJXXb2+PrGshFyeXWQPMmmZ2XxgaqclgpIC7eTXc1mg==",
            "dependencies": {
                "@types/node": "*"
            }
        },
        "node_modules/ansi-regex": {
            "version": "6.0.1",
            "resolved": "https://registry.npmjs.org/ansi-regex/-/ansi-regex-6.0.1.tgz",
            "integrity": "sha512-n5M855fKb2SsfMIiFFoVrABHJC8QtHwVx+mHWP3QcEqBHYienj5dHSgjbxtC0WEZXYt4wcD6zrQElDPhFuZgfA==",
            "engines": {
                "node": ">=12"
            },
            "funding": {
                "url": "https://github.com/chalk/ansi-regex?sponsor=1"
            }
        },
        "node_modules/arch": {
            "version": "2.2.0",
            "resolved": "https://registry.npmjs.org/arch/-/arch-2.2.0.tgz",
            "integrity": "sha512-Of/R0wqp83cgHozfIYLbBMnej79U/SVGOOyuB3VVFv1NRM/PSFMK12x9KVtiYzJqmnU5WR2qp0Z5rHb7sWGnFQ==",
            "funding": [
                {
                    "type": "github",
                    "url": "https://github.com/sponsors/feross"
                },
                {
                    "type": "patreon",
                    "url": "https://www.patreon.com/feross"
                },
                {
                    "type": "consulting",
                    "url": "https://feross.org/support"
                }
            ]
        },
        "node_modules/blessed": {
            "version": "0.1.81",
            "resolved": "https://registry.npmjs.org/blessed/-/blessed-0.1.81.tgz",
            "integrity": "sha512-LoF5gae+hlmfORcG1M5+5XZi4LBmvlXTzwJWzUlPryN/SJdSflZvROM2TwkT0GMpq7oqT48NRd4GS7BiVBc5OQ==",
            "bin": {
                "blessed": "bin/tput.js"
            },
            "engines": {
                "node": ">= 0.8.0"
            }
        },
        "node_modules/busboy": {
            "version": "1.6.0",
            "resolved": "https://registry.npmjs.org/busboy/-/busboy-1.6.0.tgz",
            "integrity": "sha512-8SFQbg/0hQ9xy3UNTB0YEnsNBbWfhf7RtnzpL7TkBiTBRfrQ9Fxcnz7VJsleJpyp6rVLvXiuORqjlHi5q+PYuA==",
            "dependencies": {
                "streamsearch": "^1.1.0"
            },
            "engines": {
                "node": ">=10.16.0"
            }
        },
        "node_modules/chalk": {
            "version": "5.2.0",
            "resolved": "https://registry.npmjs.org/chalk/-/chalk-5.2.0.tgz",
            "integrity": "sha512-ree3Gqw/nazQAPuJJEy+avdl7QfZMcUvmHIKgEZkGL+xOBzRvup5Hxo6LHuMceSxOabuJLJm5Yp/92R9eMmMvA==",
            "engines": {
                "node": "^12.17.0 || ^14.13 || >=16.0.0"
            },
            "funding": {
                "url": "https://github.com/chalk/chalk?sponsor=1"
            }
        },
        "node_modules/clipboardy": {
            "version": "3.0.0",
            "resolved": "https://registry.npmjs.org/clipboardy/-/clipboardy-3.0.0.tgz",
            "integrity": "sha512-Su+uU5sr1jkUy1sGRpLKjKrvEOVXgSgiSInwa/qeID6aJ07yh+5NWc3h2QfjHjBnfX4LhtFcuAWKUsJ3r+fjbg==",
            "dependencies": {
                "arch": "^2.2.0",
                "execa": "^5.1.1",
                "is-wsl": "^2.2.0"
            },
            "engines": {
                "node": "^12.20.0 || ^14.13.1 || >=16.0.0"
            },
            "funding": {
                "url": "https://github.com/sponsors/sindresorhus"
            }
        },
        "node_modules/cross-spawn": {
            "version": "7.0.3",
            "resolved": "https://registry.npmjs.org/cross-spawn/-/cross-spawn-7.0.3.tgz",
            "integrity": "sha512-iRDPJKUPVEND7dHPO8rkbOnPpyDygcDFtWjpeWNCgy8WP2rXcxXL8TskReQl6OrB2G7+UJrags1q15Fudc7G6w==",
            "dependencies": {
                "path-key": "^3.1.0",
                "shebang-command": "^2.0.0",
                "which": "^2.0.1"
            },
            "engines": {
                "node": ">= 8"
            }
        },
        "node_modules/discord-api-types": {
            "version": "0.37.28",
            "resolved": "https://registry.npmjs.org/discord-api-types/-/discord-api-types-0.37.28.tgz",
            "integrity": "sha512-K0fw7m7km9th3dCQ2AR90q/FwX3uAj+OLc+Zuo39VY9vCn0Ux/iObM4y1zJYIH3vTc+QlrksVErUvyeONjOKMQ=="
        },
        "node_modules/discord.js": {
            "version": "14.7.1",
            "resolved": "https://registry.npmjs.org/discord.js/-/discord.js-14.7.1.tgz",
            "integrity": "sha512-1FECvqJJjjeYcjSm0IGMnPxLqja/pmG1B0W2l3lUY2Gi4KXiyTeQmU1IxWcbXHn2k+ytP587mMWqva2IA87EbA==",
            "dependencies": {
                "@discordjs/builders": "^1.4.0",
                "@discordjs/collection": "^1.3.0",
                "@discordjs/rest": "^1.4.0",
                "@discordjs/util": "^0.1.0",
                "@sapphire/snowflake": "^3.2.2",
                "@types/ws": "^8.5.3",
                "discord-api-types": "^0.37.20",
                "fast-deep-equal": "^3.1.3",
                "lodash.snakecase": "^4.1.1",
                "tslib": "^2.4.1",
                "undici": "^5.13.0",
                "ws": "^8.11.0"
            },
            "engines": {
                "node": ">=16.9.0"
            }
        },
        "node_modules/eastasianwidth": {
            "version": "0.2.0",
            "resolved": "https://registry.npmjs.org/eastasianwidth/-/eastasianwidth-0.2.0.tgz",
            "integrity": "sha512-I88TYZWc9XiYHRQ4/3c5rjjfgkjhLyW2luGIheGERbNQ6OY7yTybanSpDXZa8y7VUP9YmDcYa+eyq4ca7iLqWA=="
        },
        "node_modules/emoji-regex": {
            "version": "9.2.2",
            "resolved": "https://registry.npmjs.org/emoji-regex/-/emoji-regex-9.2.2.tgz",
            "integrity": "sha512-L18DaJsXSUk2+42pv8mLs5jJT2hqFkFE4j21wOmgbUqsZ2hL72NsUU785g9RXgo3s0ZNgVl42TiHp3ZtOv/Vyg=="
        },
        "node_modules/execa": {
            "version": "5.1.1",
            "resolved": "https://registry.npmjs.org/execa/-/execa-5.1.1.tgz",
            "integrity": "sha512-8uSpZZocAZRBAPIEINJj3Lo9HyGitllczc27Eh5YYojjMFMn8yHMDMaUHE2Jqfq05D/wucwI4JGURyXt1vchyg==",
            "dependencies": {
                "cross-spawn": "^7.0.3",
                "get-stream": "^6.0.0",
                "human-signals": "^2.1.0",
                "is-stream": "^2.0.0",
                "merge-stream": "^2.0.0",
                "npm-run-path": "^4.0.1",
                "onetime": "^5.1.2",
                "signal-exit": "^3.0.3",
                "strip-final-newline": "^2.0.0"
            },
            "engines": {
                "node": ">=10"
            },
            "funding": {
                "url": "https://github.com/sindresorhus/execa?sponsor=1"
            }
        },
        "node_modules/fast-deep-equal": {
            "version": "3.1.3",
            "resolved": "https://registry.npmjs.org/fast-deep-equal/-/fast-deep-equal-3.1.3.tgz",
            "integrity": "sha512-f3qQ9oQy9j2AhBe/H9VC91wLmKBCCU/gDOnKNAYG5hswO7BLKj09Hc5HYNz9cGI++xlpDCIgDaitVs03ATR84Q=="
        },
        "node_modules/file-type": {
            "version": "18.2.0",
            "resolved": "https://registry.npmjs.org/file-type/-/file-type-18.2.0.tgz",
            "integrity": "sha512-M3RQMWY3F2ykyWZ+IHwNCjpnUmukYhtdkGGC1ZVEUb0ve5REGF7NNJ4Q9ehCUabtQKtSVFOMbFTXgJlFb0DQIg==",
            "dependencies": {
                "readable-web-to-node-stream": "^3.0.2",
                "strtok3": "^7.0.0",
                "token-types": "^5.0.1"
            },
            "engines": {
                "node": ">=14.16"
            },
            "funding": {
                "url": "https://github.com/sindresorhus/file-type?sponsor=1"
            }
        },
        "node_modules/get-stream": {
            "version": "6.0.1",
            "resolved": "https://registry.npmjs.org/get-stream/-/get-stream-6.0.1.tgz",
            "integrity": "sha512-ts6Wi+2j3jQjqi70w5AlN8DFnkSwC+MqmxEzdEALB2qXZYV3X/b1CTfgPLGJNMeAWxdPfU8FO1ms3NUfaHCPYg==",
            "engines": {
                "node": ">=10"
            },
            "funding": {
                "url": "https://github.com/sponsors/sindresorhus"
            }
        },
        "node_modules/human-signals": {
            "version": "2.1.0",
            "resolved": "https://registry.npmjs.org/human-signals/-/human-signals-2.1.0.tgz",
            "integrity": "sha512-B4FFZ6q/T2jhhksgkbEW3HBvWIfDW85snkQgawt07S7J5QXTk6BkNV+0yAeZrM5QpMAdYlocGoljn0sJ/WQkFw==",
            "engines": {
                "node": ">=10.17.0"
            }
        },
        "node_modules/ieee754": {
            "version": "1.2.1",
            "resolved": "https://registry.npmjs.org/ieee754/-/ieee754-1.2.1.tgz",
            "integrity": "sha512-dcyqhDvX1C46lXZcVqCpK+FtMRQVdIMN6/Df5js2zouUsqG7I6sFxitIC+7KYK29KdXOLHdu9zL4sFnoVQnqaA==",
            "funding": [
                {
                    "type": "github",
                    "url": "https://github.com/sponsors/feross"
                },
                {
                    "type": "patreon",
                    "url": "https://www.patreon.com/feross"
                },
                {
                    "type": "consulting",
                    "url": "https://feross.org/support"
                }
            ]
        },
        "node_modules/inherits": {
            "version": "2.0.4",
            "resolved": "https://registry.npmjs.org/inherits/-/inherits-2.0.4.tgz",
            "integrity": "sha512-k/vGaX4/Yla3WzyMCvTQOXYeIHvqOKtnqBduzTHpzpQZzAskKMhZ2K+EnBiSM9zGSoIFeMpXKxa4dYeZIQqewQ=="
        },
        "node_modules/is-docker": {
            "version": "2.2.1",
            "resolved": "https://registry.npmjs.org/is-docker/-/is-docker-2.2.1.tgz",
            "integrity": "sha512-F+i2BKsFrH66iaUFc0woD8sLy8getkwTwtOBjvs56Cx4CgJDeKQeqfz8wAYiSb8JOprWhHH5p77PbmYCvvUuXQ==",
            "bin": {
                "is-docker": "cli.js"
            },
            "engines": {
                "node": ">=8"
            },
            "funding": {
                "url": "https://github.com/sponsors/sindresorhus"
            }
        },
        "node_modules/is-stream": {
            "version": "2.0.1",
            "resolved": "https://registry.npmjs.org/is-stream/-/is-stream-2.0.1.tgz",
            "integrity": "sha512-hFoiJiTl63nn+kstHGBtewWSKnQLpyb155KHheA1l39uvtO9nWIop1p3udqPcUd/xbF1VLMO4n7OI6p7RbngDg==",
            "engines": {
                "node": ">=8"
            },
            "funding": {
                "url": "https://github.com/sponsors/sindresorhus"
            }
        },
        "node_modules/is-wsl": {
            "version": "2.2.0",
            "resolved": "https://registry.npmjs.org/is-wsl/-/is-wsl-2.2.0.tgz",
            "integrity": "sha512-fKzAra0rGJUUBwGBgNkHZuToZcn+TtXHpeCgmkMJMMYx1sQDYaCSyjJBSCa2nH1DGm7s3n1oBnohoVTBaN7Lww==",
            "dependencies": {
                "is-docker": "^2.0.0"
            },
            "engines": {
                "node": ">=8"
            }
        },
        "node_modules/isexe": {
            "version": "2.0.0",
            "resolved": "https://registry.npmjs.org/isexe/-/isexe-2.0.0.tgz",
            "integrity": "sha512-RHxMLp9lnKHGHRng9QFhRCMbYAcVpn69smSGcq3f36xjgVVWThj4qqLbTLlq7Ssj8B+fIQ1EuCEGI2lKsyQeIw=="
        },
        "node_modules/lodash": {
            "version": "4.17.21",
            "resolved": "https://registry.npmjs.org/lodash/-/lodash-4.17.21.tgz",
            "integrity": "sha512-v2kDEe57lecTulaDIuNTPy3Ry4gLGJ6Z1O3vE1krgXZNrsQ+LFTGHVxVjcXPs17LhbZVGedAJv8XZ1tvj5FvSg=="
        },
        "node_modules/lodash.snakecase": {
            "version": "4.1.1",
            "resolved": "https://registry.npmjs.org/lodash.snakecase/-/lodash.snakecase-4.1.1.tgz",
            "integrity": "sha512-QZ1d4xoBHYUeuouhEq3lk3Uq7ldgyFXGBhg04+oRLnIz8o9T65Eh+8YdroUwn846zchkA9yDsDl5CVVaV2nqYw=="
        },
        "node_modules/merge-stream": {
            "version": "2.0.0",
            "resolved": "https://registry.npmjs.org/merge-stream/-/merge-stream-2.0.0.tgz",
            "integrity": "sha512-abv/qOcuPfk3URPfDzmZU1LKmuw8kT+0nIHvKrKgFrwifol/doWcdA4ZqsWQ8ENrFKkd67Mfpo/LovbIUsbt3w=="
        },
        "node_modules/mimic-fn": {
            "version": "2.1.0",
            "resolved": "https://registry.npmjs.org/mimic-fn/-/mimic-fn-2.1.0.tgz",
            "integrity": "sha512-OqbOk5oEQeAZ8WXWydlu9HJjz9WVdEIvamMCcXmuqUYjTknH/sqsWvhQ3vgwKFRR1HpjvNBKQ37nbJgYzGqGcg==",
            "engines": {
                "node": ">=6"
            }
        },
        "node_modules/npm-run-path": {
            "version": "4.0.1",
            "resolved": "https://registry.npmjs.org/npm-run-path/-/npm-run-path-4.0.1.tgz",
            "integrity": "sha512-S48WzZW777zhNIrn7gxOlISNAqi9ZC/uQFnRdbeIHhZhCA6UqpkOT8T1G7BvfdgP4Er8gF4sUbaS0i7QvIfCWw==",
            "dependencies": {
                "path-key": "^3.0.0"
            },
            "engines": {
                "node": ">=8"
            }
        },
        "node_modules/onetime": {
            "version": "5.1.2",
            "resolved": "https://registry.npmjs.org/onetime/-/onetime-5.1.2.tgz",
            "integrity": "sha512-kbpaSSGJTWdAY5KPVeMOKXSrPtr8C8C7wodJbcsd51jRnmD+GZu8Y0VoU6Dm5Z4vWr0Ig/1NKuWRKf7j5aaYSg==",
            "dependencies": {
                "mimic-fn": "^2.1.0"
            },
            "engines": {
                "node": ">=6"
            },
            "funding": {
                "url": "https://github.com/sponsors/sindresorhus"
            }
        },
        "node_modules/path-key": {
            "version": "3.1.1",
            "resolved": "https://registry.npmjs.org/path-key/-/path-key-3.1.1.tgz",
            "integrity": "sha512-ojmeN0qd+y0jszEtoY48r0Peq5dwMEkIlCOu6Q5f41lfkswXuKtYrhgoTpLnyIcHm24Uhqx+5Tqm2InSwLhE6Q==",
            "engines": {
                "node": ">=8"
            }
        },
        "node_modules/peek-readable": {
            "version": "5.0.0",
            "resolved": "https://registry.npmjs.org/peek-readable/-/peek-readable-5.0.0.tgz",
            "integrity": "sha512-YtCKvLUOvwtMGmrniQPdO7MwPjgkFBtFIrmfSbYmYuq3tKDV/mcfAhBth1+C3ru7uXIZasc/pHnb+YDYNkkj4A==",
            "engines": {
                "node": ">=14.16"
            },
            "funding": {
                "type": "github",
                "url": "https://github.com/sponsors/Borewit"
            }
        },
        "node_modules/readable-stream": {
            "version": "3.6.0",
            "resolved": "https://registry.npmjs.org/readable-stream/-/readable-stream-3.6.0.tgz",
            "integrity": "sha512-BViHy7LKeTz4oNnkcLJ+lVSL6vpiFeX6/d3oSH8zCW7UxP2onchk+vTGB143xuFjHS3deTgkKoXXymXqymiIdA==",
            "dependencies": {
                "inherits": "^2.0.3",
                "string_decoder": "^1.1.1",
                "util-deprecate": "^1.0.1"
            },
            "engines": {
                "node": ">= 6"
            }
        },
        "node_modules/readable-web-to-node-stream": {
            "version": "3.0.2",
            "resolved": "https://registry.npmjs.org/readable-web-to-node-stream/-/readable-web-to-node-stream-3.0.2.tgz",
            "integrity": "sha512-ePeK6cc1EcKLEhJFt/AebMCLL+GgSKhuygrZ/GLaKZYEecIgIECf4UaUuaByiGtzckwR4ain9VzUh95T1exYGw==",
            "dependencies": {
                "readable-stream": "^3.6.0"
            },
            "engines": {
                "node": ">=8"
            },
            "funding": {
                "type": "github",
                "url": "https://github.com/sponsors/Borewit"
            }
        },
        "node_modules/safe-buffer": {
            "version": "5.2.1",
            "resolved": "https://registry.npmjs.org/safe-buffer/-/safe-buffer-5.2.1.tgz",
            "integrity": "sha512-rp3So07KcdmmKbGvgaNxQSJr7bGVSVk5S9Eq1F+ppbRo70+YeaDxkw5Dd8NPN+GD6bjnYm2VuPuCXmpuYvmCXQ==",
            "funding": [
                {
                    "type": "github",
                    "url": "https://github.com/sponsors/feross"
                },
                {
                    "type": "patreon",
                    "url": "https://www.patreon.com/feross"
                },
                {
                    "type": "consulting",
                    "url": "https://feross.org/support"
                }
            ]
        },
        "node_modules/shebang-command": {
            "version": "2.0.0",
            "resolved": "https://registry.npmjs.org/shebang-command/-/shebang-command-2.0.0.tgz",
            "integrity": "sha512-kHxr2zZpYtdmrN1qDjrrX/Z1rR1kG8Dx+gkpK1G4eXmvXswmcE1hTWBWYUzlraYw1/yZp6YuDY77YtvbN0dmDA==",
            "dependencies": {
                "shebang-regex": "^3.0.0"
            },
            "engines": {
                "node": ">=8"
            }
        },
        "node_modules/shebang-regex": {
            "version": "3.0.0",
            "resolved": "https://registry.npmjs.org/shebang-regex/-/shebang-regex-3.0.0.tgz",
            "integrity": "sha512-7++dFhtcx3353uBaq8DDR4NuxBetBzC7ZQOhmTQInHEd6bSrXdiEyzCvG07Z44UYdLShWUyXt5M/yhz8ekcb1A==",
            "engines": {
                "node": ">=8"
            }
        },
        "node_modules/signal-exit": {
            "version": "3.0.7",
            "resolved": "https://registry.npmjs.org/signal-exit/-/signal-exit-3.0.7.tgz",
            "integrity": "sha512-wnD2ZE+l+SPC/uoS0vXeE9L1+0wuaMqKlfz9AMUo38JsyLSBWSFcHR1Rri62LZc12vLr1gb3jl7iwQhgwpAbGQ=="
        },
        "node_modules/streamsearch": {
            "version": "1.1.0",
            "resolved": "https://registry.npmjs.org/streamsearch/-/streamsearch-1.1.0.tgz",
            "integrity": "sha512-Mcc5wHehp9aXz1ax6bZUyY5afg9u2rv5cqQI3mRrYkGC8rW2hM02jWuwjtL++LS5qinSyhj2QfLyNsuc+VsExg==",
            "engines": {
                "node": ">=10.0.0"
            }
        },
        "node_modules/string_decoder": {
            "version": "1.3.0",
            "resolved": "https://registry.npmjs.org/string_decoder/-/string_decoder-1.3.0.tgz",
            "integrity": "sha512-hkRX8U1WjJFd8LsDJ2yQ/wWWxaopEsABU1XfkM8A+j0+85JAGppt16cr1Whg6KIbb4okU6Mql6BOj+uup/wKeA==",
            "dependencies": {
                "safe-buffer": "~5.2.0"
            }
        },
        "node_modules/string-width": {
            "version": "5.1.2",
            "resolved": "https://registry.npmjs.org/string-width/-/string-width-5.1.2.tgz",
            "integrity": "sha512-HnLOCR3vjcY8beoNLtcjZ5/nxn2afmME6lhrDrebokqMap+XbeW8n9TXpPDOqdGK5qcI3oT0GKTW6wC7EMiVqA==",
            "dependencies": {
                "eastasianwidth": "^0.2.0",
                "emoji-regex": "^9.2.2",
                "strip-ansi": "^7.0.1"
            },
            "engines": {
                "node": ">=12"
            },
            "funding": {
                "url": "https://github.com/sponsors/sindresorhus"
            }
        },
        "node_modules/strip-ansi": {
            "version": "7.0.1",
            "resolved": "https://registry.npmjs.org/strip-ansi/-/strip-ansi-7.0.1.tgz",
            "integrity": "sha512-cXNxvT8dFNRVfhVME3JAe98mkXDYN2O1l7jmcwMnOslDeESg1rF/OZMtK0nRAhiari1unG5cD4jG3rapUAkLbw==",
            "dependencies": {
                "ansi-regex": "^6.0.1"
            },
            "engines": {
                "node": ">=12"
            },
            "funding": {
                "url": "https://github.com/chalk/strip-ansi?sponsor=1"
            }
        },
        "node_modules/strip-final-newline": {
            "version": "2.0.0",
            "resolved": "https://registry.npmjs.org/strip-final-newline/-/strip-final-newline-2.0.0.tgz",
            "integrity": "sha512-BrpvfNAE3dcvq7ll3xVumzjKjZQ5tI1sEUIKr3Uoks0XUl45St3FlatVqef9prk4jRDzhW6WZg+3bk93y6pLjA==",
            "engines": {
                "node": ">=6"
            }
        },
        "node_modules/strtok3": {
            "version": "7.0.0",
            "resolved": "https://registry.npmjs.org/strtok3/-/strtok3-7.0.0.tgz",
            "integrity": "sha512-pQ+V+nYQdC5H3Q7qBZAz/MO6lwGhoC2gOAjuouGf/VO0m7vQRh8QNMl2Uf6SwAtzZ9bOw3UIeBukEGNJl5dtXQ==",
            "dependencies": {
                "@tokenizer/token": "^0.3.0",
                "peek-readable": "^5.0.0"
            },
            "engines": {
                "node": ">=14.16"
            },
            "funding": {
                "type": "github",
                "url": "https://github.com/sponsors/Borewit"
            }
        },
        "node_modules/token-types": {
            "version": "5.0.1",
            "resolved": "https://registry.npmjs.org/token-types/-/token-types-5.0.1.tgz",
            "integrity": "sha512-Y2fmSnZjQdDb9W4w4r1tswlMHylzWIeOKpx0aZH9BgGtACHhrk3OkT52AzwcuqTRBZtvvnTjDBh8eynMulu8Vg==",
            "dependencies": {
                "@tokenizer/token": "^0.3.0",
                "ieee754": "^1.2.1"
            },
            "engines": {
                "node": ">=14.16"
            },
            "funding": {
                "type": "github",
                "url": "https://github.com/sponsors/Borewit"
            }
        },
        "node_modules/ts-mixer": {
            "version": "6.0.2",
            "resolved": "https://registry.npmjs.org/ts-mixer/-/ts-mixer-6.0.2.tgz",
            "integrity": "sha512-zvHx3VM83m2WYCE8XL99uaM7mFwYSkjR2OZti98fabHrwkjsCvgwChda5xctein3xGOyaQhtTeDq/1H/GNvF3A=="
        },
        "node_modules/tslib": {
            "version": "2.4.1",
            "resolved": "https://registry.npmjs.org/tslib/-/tslib-2.4.1.tgz",
            "integrity": "sha512-tGyy4dAjRIEwI7BzsB0lynWgOpfqjUdq91XXAlIWD2OwKBH7oCl/GZG/HT4BOHrTlPMOASlMQ7veyTqpmRcrNA=="
        },
        "node_modules/typescript": {
            "version": "4.9.4",
            "resolved": "https://registry.npmjs.org/typescript/-/typescript-4.9.4.tgz",
            "integrity": "sha512-Uz+dTXYzxXXbsFpM86Wh3dKCxrQqUcVMxwU54orwlJjOpO3ao8L7j5lH+dWfTwgCwIuM9GQ2kvVotzYJMXTBZg==",
            "dev": true,
            "bin": {
                "tsc": "bin/tsc",
                "tsserver": "bin/tsserver"
            },
            "engines": {
                "node": ">=4.2.0"
            }
        },
        "node_modules/undici": {
            "version": "5.15.2",
            "resolved": "https://registry.npmjs.org/undici/-/undici-5.15.2.tgz",
            "integrity": "sha512-JsN6meyJESMJaLqOuozstwrolSkLWlTIT4qpGoKepNdnZy7HJMPKB0v0Td/CepGgoiPpUSvVO9Nh/5N9QrmDgQ==",
            "dependencies": {
                "busboy": "^1.6.0"
            },
            "engines": {
                "node": ">=12.18"
            }
        },
        "node_modules/util-deprecate": {
            "version": "1.0.2",
            "resolved": "https://registry.npmjs.org/util-deprecate/-/util-deprecate-1.0.2.tgz",
            "integrity": "sha512-EPD5q1uXyFxJpCrLnCc1nHnq3gOa6DZBocAIiI2TaSCA7VCJ1UJDMagCzIkXNsUYfD1daK//LTEQ8xiIbrHtcw=="
        },
        "node_modules/which": {
            "version": "2.0.2",
            "resolved": "https://registry.npmjs.org/which/-/which-2.0.2.tgz",
            "integrity": "sha512-BLI3Tl1TW3Pvl70l3yq3Y64i+awpwXqsGBYWkkqMtnbXgrMD+yj7rhW0kuEDxzJaYXGjEW5ogapKNMEKNMjibA==",
            "dependencies": {
                "isexe": "^2.0.0"
            },
            "bin": {
                "node-which": "bin/node-which"
            },
            "engines": {
                "node": ">= 8"
            }
        },
        "node_modules/ws": {
            "version": "8.12.0",
            "resolved": "https://registry.npmjs.org/ws/-/ws-8.12.0.tgz",
            "integrity": "sha512-kU62emKIdKVeEIOIKVegvqpXMSTAMLJozpHZaJNDYqBjzlSYXQGviYwN1osDLJ9av68qHd4a2oSjd7yD4pacig==",
            "engines": {
                "node": ">=10.0.0"
            },
            "peerDependencies": {
                "bufferutil": "^4.0.1",
                "utf-8-validate": ">=5.0.2"
            },
            "peerDependenciesMeta": {
                "bufferutil": {
                    "optional": true
                },
                "utf-8-validate": {
                    "optional": true
                }
            }
        }
    }
}
